// !$*UTF8*$!
{
	archiveVersion = 1;
	classes = {
	};
	objectVersion = 50;
	objects = {

/* Begin PBXBuildFile section */
		FD28A36F22844D3000832A1D /* TimerViewController.swift in Sources */ = {isa = PBXBuildFile; fileRef = FD28A36E22844D3000832A1D /* TimerViewController.swift */; };
		FD56C8142248AEF900F291DB /* SolutionData.swift in Sources */ = {isa = PBXBuildFile; fileRef = FD56C8132248AEF900F291DB /* SolutionData.swift */; };
		FD76277A22525293003B5F60 /* StatsViewController.swift in Sources */ = {isa = PBXBuildFile; fileRef = FD76277922525293003B5F60 /* StatsViewController.swift */; };
		FDE913E32242253800592E3C /* AppDelegate.swift in Sources */ = {isa = PBXBuildFile; fileRef = FDE913E22242253800592E3C /* AppDelegate.swift */; };
		FDE913E82242253800592E3C /* Main.storyboard in Resources */ = {isa = PBXBuildFile; fileRef = FDE913E62242253800592E3C /* Main.storyboard */; };
		FDE913EB2242253800592E3C /* CubeTimer.xcdatamodeld in Sources */ = {isa = PBXBuildFile; fileRef = FDE913E92242253800592E3C /* CubeTimer.xcdatamodeld */; };
		FDE913ED2242253A00592E3C /* Assets.xcassets in Resources */ = {isa = PBXBuildFile; fileRef = FDE913EC2242253A00592E3C /* Assets.xcassets */; };
		FDE913F02242253A00592E3C /* LaunchScreen.storyboard in Resources */ = {isa = PBXBuildFile; fileRef = FDE913EE2242253A00592E3C /* LaunchScreen.storyboard */; };
		FDE913F8224226D400592E3C /* AlgorithmGenerator.swift in Sources */ = {isa = PBXBuildFile; fileRef = FDE913F7224226D400592E3C /* AlgorithmGenerator.swift */; };
		FDF3D28A224A5AF700213543 /* StatsTableViewCell.swift in Sources */ = {isa = PBXBuildFile; fileRef = FDF3D289224A5AF700213543 /* StatsTableViewCell.swift */; };
/* End PBXBuildFile section */

/* Begin PBXFileReference section */
		FD28A36E22844D3000832A1D /* TimerViewController.swift */ = {isa = PBXFileReference; lastKnownFileType = sourcecode.swift; path = TimerViewController.swift; sourceTree = "<group>"; };
		FD56C8132248AEF900F291DB /* SolutionData.swift */ = {isa = PBXFileReference; lastKnownFileType = sourcecode.swift; path = SolutionData.swift; sourceTree = "<group>"; };
		FD76277922525293003B5F60 /* StatsViewController.swift */ = {isa = PBXFileReference; lastKnownFileType = sourcecode.swift; path = StatsViewController.swift; sourceTree = "<group>"; };
		FDE913DF2242253800592E3C /* CubeTimer.app */ = {isa = PBXFileReference; explicitFileType = wrapper.application; includeInIndex = 0; path = CubeTimer.app; sourceTree = BUILT_PRODUCTS_DIR; };
		FDE913E22242253800592E3C /* AppDelegate.swift */ = {isa = PBXFileReference; lastKnownFileType = sourcecode.swift; path = AppDelegate.swift; sourceTree = "<group>"; };
		FDE913E72242253800592E3C /* Base */ = {isa = PBXFileReference; lastKnownFileType = file.storyboard; name = Base; path = Base.lproj/Main.storyboard; sourceTree = "<group>"; };
		FDE913EA2242253800592E3C /* CubeTimer.xcdatamodel */ = {isa = PBXFileReference; lastKnownFileType = wrapper.xcdatamodel; path = CubeTimer.xcdatamodel; sourceTree = "<group>"; };
		FDE913EC2242253A00592E3C /* Assets.xcassets */ = {isa = PBXFileReference; lastKnownFileType = folder.assetcatalog; path = Assets.xcassets; sourceTree = "<group>"; };
		FDE913EF2242253A00592E3C /* Base */ = {isa = PBXFileReference; lastKnownFileType = file.storyboard; name = Base; path = Base.lproj/LaunchScreen.storyboard; sourceTree = "<group>"; };
		FDE913F12242253A00592E3C /* Info.plist */ = {isa = PBXFileReference; lastKnownFileType = text.plist.xml; path = Info.plist; sourceTree = "<group>"; };
		FDE913F7224226D400592E3C /* AlgorithmGenerator.swift */ = {isa = PBXFileReference; lastKnownFileType = sourcecode.swift; path = AlgorithmGenerator.swift; sourceTree = "<group>"; };
		FDF3D289224A5AF700213543 /* StatsTableViewCell.swift */ = {isa = PBXFileReference; lastKnownFileType = sourcecode.swift; path = StatsTableViewCell.swift; sourceTree = "<group>"; };
/* End PBXFileReference section */

/* Begin PBXFrameworksBuildPhase section */
		FDE913DC2242253800592E3C /* Frameworks */ = {
			isa = PBXFrameworksBuildPhase;
			buildActionMask = 2147483647;
			files = (
			);
			runOnlyForDeploymentPostprocessing = 0;
		};
/* End PBXFrameworksBuildPhase section */

/* Begin PBXGroup section */
		FDB733EF224522EC003667AC /* Timer */ = {
			isa = PBXGroup;
			children = (
				FDE913F7224226D400592E3C /* AlgorithmGenerator.swift */,
				FD28A36E22844D3000832A1D /* TimerViewController.swift */,
			);
			path = Timer;
			sourceTree = "<group>";
		};
		FDB733F0224522F7003667AC /* Profile */ = {
			isa = PBXGroup;
			children = (
			);
			path = Profile;
			sourceTree = "<group>";
		};
		FDB733F1224522FF003667AC /* Settings */ = {
			isa = PBXGroup;
			children = (
			);
			path = Settings;
			sourceTree = "<group>";
		};
		FDB733F22245231B003667AC /* Stats */ = {
			isa = PBXGroup;
			children = (
				FDF3D289224A5AF700213543 /* StatsTableViewCell.swift */,
				FD76277922525293003B5F60 /* StatsViewController.swift */,
			);
			path = Stats;
			sourceTree = "<group>";
		};
		FDE913D62242253800592E3C = {
			isa = PBXGroup;
			children = (
				FDE913E12242253800592E3C /* CubeTimer */,
				FDE913E02242253800592E3C /* Products */,
			);
			sourceTree = "<group>";
		};
		FDE913E02242253800592E3C /* Products */ = {
			isa = PBXGroup;
			children = (
				FDE913DF2242253800592E3C /* CubeTimer.app */,
			);
			name = Products;
			sourceTree = "<group>";
		};
		FDE913E12242253800592E3C /* CubeTimer */ = {
			isa = PBXGroup;
			children = (
				FDE913E22242253800592E3C /* AppDelegate.swift */,
				FDE913EC2242253A00592E3C /* Assets.xcassets */,
				FDE913E92242253800592E3C /* CubeTimer.xcdatamodeld */,
				FDE913F12242253A00592E3C /* Info.plist */,
				FDE913EE2242253A00592E3C /* LaunchScreen.storyboard */,
				FDE913E62242253800592E3C /* Main.storyboard */,
				FDB733F22245231B003667AC /* Stats */,
				FDB733F0224522F7003667AC /* Profile */,
				FDB733F1224522FF003667AC /* Settings */,
				FDB733EF224522EC003667AC /* Timer */,
				FD56C8132248AEF900F291DB /* SolutionData.swift */,
			);
			path = CubeTimer;
			sourceTree = "<group>";
		};
/* End PBXGroup section */

/* Begin PBXNativeTarget section */
		FDE913DE2242253800592E3C /* CubeTimer */ = {
			isa = PBXNativeTarget;
			buildConfigurationList = FDE913F42242253A00592E3C /* Build configuration list for PBXNativeTarget "CubeTimer" */;
			buildPhases = (
				FDE913DB2242253800592E3C /* Sources */,
				FDE913DC2242253800592E3C /* Frameworks */,
				FDE913DD2242253800592E3C /* Resources */,
			);
			buildRules = (
			);
			dependencies = (
			);
			name = CubeTimer;
			productName = CubeTimer;
			productReference = FDE913DF2242253800592E3C /* CubeTimer.app */;
			productType = "com.apple.product-type.application";
		};
/* End PBXNativeTarget section */

/* Begin PBXProject section */
		FDE913D72242253800592E3C /* Project object */ = {
			isa = PBXProject;
			attributes = {
				LastSwiftUpdateCheck = 1010;
				LastUpgradeCheck = 1010;
				ORGANIZATIONNAME = "Said Alır";
				TargetAttributes = {
					FDE913DE2242253800592E3C = {
						CreatedOnToolsVersion = 10.1;
					};
				};
			};
			buildConfigurationList = FDE913DA2242253800592E3C /* Build configuration list for PBXProject "CubeTimer" */;
			compatibilityVersion = "Xcode 9.3";
			developmentRegion = en;
			hasScannedForEncodings = 0;
			knownRegions = (
				en,
				Base,
			);
			mainGroup = FDE913D62242253800592E3C;
			productRefGroup = FDE913E02242253800592E3C /* Products */;
			projectDirPath = "";
			projectRoot = "";
			targets = (
				FDE913DE2242253800592E3C /* CubeTimer */,
			);
		};
/* End PBXProject section */

/* Begin PBXResourcesBuildPhase section */
		FDE913DD2242253800592E3C /* Resources */ = {
			isa = PBXResourcesBuildPhase;
			buildActionMask = 2147483647;
			files = (
				FDE913F02242253A00592E3C /* LaunchScreen.storyboard in Resources */,
				FDE913ED2242253A00592E3C /* Assets.xcassets in Resources */,
				FDE913E82242253800592E3C /* Main.storyboard in Resources */,
			);
			runOnlyForDeploymentPostprocessing = 0;
		};
/* End PBXResourcesBuildPhase section */

/* Begin PBXSourcesBuildPhase section */
		FDE913DB2242253800592E3C /* Sources */ = {
			isa = PBXSourcesBuildPhase;
			buildActionMask = 2147483647;
			files = (
				FDF3D28A224A5AF700213543 /* StatsTableViewCell.swift in Sources */,
				FDE913F8224226D400592E3C /* AlgorithmGenerator.swift in Sources */,
				FDE913EB2242253800592E3C /* CubeTimer.xcdatamodeld in Sources */,
				FD28A36F22844D3000832A1D /* TimerViewController.swift in Sources */,
				FD76277A22525293003B5F60 /* StatsViewController.swift in Sources */,
				FDE913E32242253800592E3C /* AppDelegate.swift in Sources */,
				FD56C8142248AEF900F291DB /* SolutionData.swift in Sources */,
			);
			runOnlyForDeploymentPostprocessing = 0;
		};
/* End PBXSourcesBuildPhase section */

/* Begin PBXVariantGroup section */
		FDE913E62242253800592E3C /* Main.storyboard */ = {
			isa = PBXVariantGroup;
			children = (
				FDE913E72242253800592E3C /* Base */,
			);
			name = Main.storyboard;
			sourceTree = "<group>";
		};
		FDE913EE2242253A00592E3C /* LaunchScreen.storyboard */ = {
			isa = PBXVariantGroup;
			children = (
				FDE913EF2242253A00592E3C /* Base */,
			);
			name = LaunchScreen.storyboard;
			sourceTree = "<group>";
		};
/* End PBXVariantGroup section */

/* Begin XCBuildConfiguration section */
		FDE913F22242253A00592E3C /* Debug */ = {
			isa = XCBuildConfiguration;
			buildSettings = {
				ALWAYS_SEARCH_USER_PATHS = NO;
				CLANG_ANALYZER_NONNULL = YES;
				CLANG_ANALYZER_NUMBER_OBJECT_CONVERSION = YES_AGGRESSIVE;
				CLANG_CXX_LANGUAGE_STANDARD = "gnu++14";
				CLANG_CXX_LIBRARY = "libc++";
				CLANG_ENABLE_MODULES = YES;
				CLANG_ENABLE_OBJC_ARC = YES;
				CLANG_ENABLE_OBJC_WEAK = YES;
				CLANG_WARN_BLOCK_CAPTURE_AUTORELEASING = YES;
				CLANG_WARN_BOOL_CONVERSION = YES;
				CLANG_WARN_COMMA = YES;
				CLANG_WARN_CONSTANT_CONVERSION = YES;
				CLANG_WARN_DEPRECATED_OBJC_IMPLEMENTATIONS = YES;
				CLANG_WARN_DIRECT_OBJC_ISA_USAGE = YES_ERROR;
				CLANG_WARN_DOCUMENTATION_COMMENTS = YES;
				CLANG_WARN_EMPTY_BODY = YES;
				CLANG_WARN_ENUM_CONVERSION = YES;
				CLANG_WARN_INFINITE_RECURSION = YES;
				CLANG_WARN_INT_CONVERSION = YES;
				CLANG_WARN_NON_LITERAL_NULL_CONVERSION = YES;
				CLANG_WARN_OBJC_IMPLICIT_RETAIN_SELF = YES;
				CLANG_WARN_OBJC_LITERAL_CONVERSION = YES;
				CLANG_WARN_OBJC_ROOT_CLASS = YES_ERROR;
				CLANG_WARN_RANGE_LOOP_ANALYSIS = YES;
				CLANG_WARN_STRICT_PROTOTYPES = YES;
				CLANG_WARN_SUSPICIOUS_MOVE = YES;
				CLANG_WARN_UNGUARDED_AVAILABILITY = YES_AGGRESSIVE;
				CLANG_WARN_UNREACHABLE_CODE = YES;
				CLANG_WARN__DUPLICATE_METHOD_MATCH = YES;
				CODE_SIGN_IDENTITY = "iPhone Developer";
				COPY_PHASE_STRIP = NO;
				DEBUG_INFORMATION_FORMAT = dwarf;
				ENABLE_STRICT_OBJC_MSGSEND = YES;
				ENABLE_TESTABILITY = YES;
				GCC_C_LANGUAGE_STANDARD = gnu11;
				GCC_DYNAMIC_NO_PIC = NO;
				GCC_NO_COMMON_BLOCKS = YES;
				GCC_OPTIMIZATION_LEVEL = 0;
				GCC_PREPROCESSOR_DEFINITIONS = (
					"DEBUG=1",
					"$(inherited)",
				);
				GCC_WARN_64_TO_32_BIT_CONVERSION = YES;
				GCC_WARN_ABOUT_RETURN_TYPE = YES_ERROR;
				GCC_WARN_UNDECLARED_SELECTOR = YES;
				GCC_WARN_UNINITIALIZED_AUTOS = YES_AGGRESSIVE;
				GCC_WARN_UNUSED_FUNCTION = YES;
				GCC_WARN_UNUSED_VARIABLE = YES;
				IPHONEOS_DEPLOYMENT_TARGET = 12.1;
				MTL_ENABLE_DEBUG_INFO = INCLUDE_SOURCE;
				MTL_FAST_MATH = YES;
				ONLY_ACTIVE_ARCH = YES;
				SDKROOT = iphoneos;
				SWIFT_ACTIVE_COMPILATION_CONDITIONS = DEBUG;
				SWIFT_OPTIMIZATION_LEVEL = "-Onone";
			};
			name = Debug;
		};
		FDE913F32242253A00592E3C /* Release */ = {
			isa = XCBuildConfiguration;
			buildSettings = {
				ALWAYS_SEARCH_USER_PATHS = NO;
				CLANG_ANALYZER_NONNULL = YES;
				CLANG_ANALYZER_NUMBER_OBJECT_CONVERSION = YES_AGGRESSIVE;
				CLANG_CXX_LANGUAGE_STANDARD = "gnu++14";
				CLANG_CXX_LIBRARY = "libc++";
				CLANG_ENABLE_MODULES = YES;
				CLANG_ENABLE_OBJC_ARC = YES;
				CLANG_ENABLE_OBJC_WEAK = YES;
				CLANG_WARN_BLOCK_CAPTURE_AUTORELEASING = YES;
				CLANG_WARN_BOOL_CONVERSION = YES;
				CLANG_WARN_COMMA = YES;
				CLANG_WARN_CONSTANT_CONVERSION = YES;
				CLANG_WARN_DEPRECATED_OBJC_IMPLEMENTATIONS = YES;
				CLANG_WARN_DIRECT_OBJC_ISA_USAGE = YES_ERROR;
				CLANG_WARN_DOCUMENTATION_COMMENTS = YES;
				CLANG_WARN_EMPTY_BODY = YES;
				CLANG_WARN_ENUM_CONVERSION = YES;
				CLANG_WARN_INFINITE_RECURSION = YES;
				CLANG_WARN_INT_CONVERSION = YES;
				CLANG_WARN_NON_LITERAL_NULL_CONVERSION = YES;
				CLANG_WARN_OBJC_IMPLICIT_RETAIN_SELF = YES;
				CLANG_WARN_OBJC_LITERAL_CONVERSION = YES;
				CLANG_WARN_OBJC_ROOT_CLASS = YES_ERROR;
				CLANG_WARN_RANGE_LOOP_ANALYSIS = YES;
				CLANG_WARN_STRICT_PROTOTYPES = YES;
				CLANG_WARN_SUSPICIOUS_MOVE = YES;
				CLANG_WARN_UNGUARDED_AVAILABILITY = YES_AGGRESSIVE;
				CLANG_WARN_UNREACHABLE_CODE = YES;
				CLANG_WARN__DUPLICATE_METHOD_MATCH = YES;
				CODE_SIGN_IDENTITY = "iPhone Developer";
				COPY_PHASE_STRIP = NO;
				DEBUG_INFORMATION_FORMAT = "dwarf-with-dsym";
				ENABLE_NS_ASSERTIONS = NO;
				ENABLE_STRICT_OBJC_MSGSEND = YES;
				GCC_C_LANGUAGE_STANDARD = gnu11;
				GCC_NO_COMMON_BLOCKS = YES;
				GCC_WARN_64_TO_32_BIT_CONVERSION = YES;
				GCC_WARN_ABOUT_RETURN_TYPE = YES_ERROR;
				GCC_WARN_UNDECLARED_SELECTOR = YES;
				GCC_WARN_UNINITIALIZED_AUTOS = YES_AGGRESSIVE;
				GCC_WARN_UNUSED_FUNCTION = YES;
				GCC_WARN_UNUSED_VARIABLE = YES;
				IPHONEOS_DEPLOYMENT_TARGET = 12.1;
				MTL_ENABLE_DEBUG_INFO = NO;
				MTL_FAST_MATH = YES;
				SDKROOT = iphoneos;
				SWIFT_COMPILATION_MODE = wholemodule;
				SWIFT_OPTIMIZATION_LEVEL = "-O";
				VALIDATE_PRODUCT = YES;
			};
			name = Release;
		};
		FDE913F52242253A00592E3C /* Debug */ = {
			isa = XCBuildConfiguration;
			buildSettings = {
				ASSETCATALOG_COMPILER_APPICON_NAME = AppIcon;
				CODE_SIGN_STYLE = Automatic;
				DEVELOPMENT_TEAM = 7ZSRMD965K;
				INFOPLIST_FILE = CubeTimer/Info.plist;
				LD_RUNPATH_SEARCH_PATHS = (
					"$(inherited)",
					"@executable_path/Frameworks",
				);
				PRODUCT_BUNDLE_IDENTIFIER = com.funWork.CubeTimer;
				PRODUCT_NAME = "$(TARGET_NAME)";
				SWIFT_VERSION = 4.2;
				TARGETED_DEVICE_FAMILY = "1,2";
			};
			name = Debug;
		};
		FDE913F62242253A00592E3C /* Release */ = {
			isa = XCBuildConfiguration;
			buildSettings = {
				ASSETCATALOG_COMPILER_APPICON_NAME = AppIcon;
				CODE_SIGN_STYLE = Automatic;
				DEVELOPMENT_TEAM = 7ZSRMD965K;
				INFOPLIST_FILE = CubeTimer/Info.plist;
				LD_RUNPATH_SEARCH_PATHS = (
					"$(inherited)",
					"@executable_path/Frameworks",
				);
				PRODUCT_BUNDLE_IDENTIFIER = com.funWork.CubeTimer;
				PRODUCT_NAME = "$(TARGET_NAME)";
				SWIFT_VERSION = 4.2;
				TARGETED_DEVICE_FAMILY = "1,2";
			};
			name = Release;
		};
/* End XCBuildConfiguration section */

/* Begin XCConfigurationList section */
		FDE913DA2242253800592E3C /* Build configuration list for PBXProject "CubeTimer" */ = {
			isa = XCConfigurationList;
			buildConfigurations = (
				FDE913F22242253A00592E3C /* Debug */,
				FDE913F32242253A00592E3C /* Release */,
			);
			defaultConfigurationIsVisible = 0;
			defaultConfigurationName = Release;
		};
		FDE913F42242253A00592E3C /* Build configuration list for PBXNativeTarget "CubeTimer" */ = {
			isa = XCConfigurationList;
			buildConfigurations = (
				FDE913F52242253A00592E3C /* Debug */,
				FDE913F62242253A00592E3C /* Release */,
			);
			defaultConfigurationIsVisible = 0;
			defaultConfigurationName = Release;
		};
/* End XCConfigurationList section */

/* Begin XCVersionGroup section */
		FDE913E92242253800592E3C /* CubeTimer.xcdatamodeld */ = {
			isa = XCVersionGroup;
			children = (
				FDE913EA2242253800592E3C /* CubeTimer.xcdatamodel */,
			);
			currentVersion = FDE913EA2242253800592E3C /* CubeTimer.xcdatamodel */;
			path = CubeTimer.xcdatamodeld;
			sourceTree = "<group>";
			versionGroupType = wrapper.xcdatamodel;
		};
/* End XCVersionGroup section */
	};
	rootObject = FDE913D72242253800592E3C /* Project object */;
}
